# This file is generated by running "yarn install" inside your project.
# Manual changes might be lost - proceed with caution!

__metadata:
  version: 8
  cacheKey: 10c0

"@isaacs/fs-minipass@npm:^4.0.0":
  version: 4.0.1
  resolution: "@isaacs/fs-minipass@npm:4.0.1"
  dependencies:
    minipass: "npm:^7.0.4"
  checksum: 10c0/c25b6dc1598790d5b55c0947a9b7d111cfa92594db5296c3b907e2f533c033666f692a3939eadac17b1c7c40d362d0b0635dc874cbfe3e70db7c2b07cc97a5d2
  languageName: node
  linkType: hard

"@koa/router@npm:^15.7.0":
  version: 15.7.0
  resolution: "@koa/router@npm:15.7.0"
  dependencies:
    debug: "npm:^4.4.3"
    http-errors: "npm:^2.0.1"
    koa-compose: "npm:^4.1.0"
    path-to-regexp: "npm:^8.4.2"
  peerDependencies:
    koa: ^2.0.0 || ^3.0.0
  peerDependenciesMeta:
    koa:
      optional: false
  checksum: 10c0/da1f23f07684f5b39db5536cd6d4b77f7e38930786c2c0c13cf27d84ab90b6c9eea5ecf17f8f4c1b87ccc822a874f64c351b6e9b4c2e6c9324765564fce689cb
  languageName: node
  linkType: hard

"@reteps/dockerfmt-darwin-arm64@npm:0.5.4":
  version: 0.5.4
  resolution: "@reteps/dockerfmt-darwin-arm64@npm:0.5.4"
  conditions: os=darwin & cpu=arm64
  languageName: node
  linkType: hard

"@reteps/dockerfmt-darwin-x64@npm:0.5.4":
  version: 0.5.4
  resolution: "@reteps/dockerfmt-darwin-x64@npm:0.5.4"
  conditions: os=darwin & cpu=x64
  languageName: node
  linkType: hard

"@reteps/dockerfmt-linux-arm64@npm:0.5.4":
  version: 0.5.4
  resolution: "@reteps/dockerfmt-linux-arm64@npm:0.5.4"
  conditions: os=linux & cpu=arm64
  languageName: node
  linkType: hard

"@reteps/dockerfmt-linux-x64@npm:0.5.4":
  version: 0.5.4
  resolution: "@reteps/dockerfmt-linux-x64@npm:0.5.4"
  conditions: os=linux & cpu=x64
  languageName: node
  linkType: hard

"@reteps/dockerfmt@npm:^0.5.1":
  version: 0.5.4
  resolution: "@reteps/dockerfmt@npm:0.5.4"
  dependencies:
    "@reteps/dockerfmt-darwin-arm64": "npm:0.5.4"
    "@reteps/dockerfmt-darwin-x64": "npm:0.5.4"
    "@reteps/dockerfmt-linux-arm64": "npm:0.5.4"
    "@reteps/dockerfmt-linux-x64": "npm:0.5.4"
  dependenciesMeta:
    "@reteps/dockerfmt-darwin-arm64":
      optional: true
    "@reteps/dockerfmt-darwin-x64":
      optional: true
    "@reteps/dockerfmt-linux-arm64":
      optional: true
    "@reteps/dockerfmt-linux-x64":
      optional: true
  bin:
    dockerfmt: dist/launcher.js
  checksum: 10c0/b6f3037042d258bd3b84d53f879cffb0286fe245f41da54508870866b9bf2c97bb1a2e15c6f29a610ed70ce43ffb1d6e7281002325cd9b01a08aeb3f391ba12a
  languageName: node
  linkType: hard

"@types/accepts@npm:*":
  version: 1.3.7
  resolution: "@types/accepts@npm:1.3.7"
  dependencies:
    "@types/node": "npm:*"
  checksum: 10c0/7b21efc78b98ed57063ac31588f871f11501c080cd1201ca3743cf02ee0aee74bdb5a634183bc0987dc8dc582b26316789fd203650319ccc89a66cf88311d64f
  languageName: node
  linkType: hard

"@types/body-parser@npm:*":
  version: 1.19.6
  resolution: "@types/body-parser@npm:1.19.6"
  dependencies:
    "@types/connect": "npm:*"
    "@types/node": "npm:*"
  checksum: 10c0/542da05c924dce58ee23f50a8b981fee36921850c82222e384931fda3e106f750f7880c47be665217d72dbe445129049db6eb1f44e7a06b09d62af8f3cca8ea7
  languageName: node
  linkType: hard

"@types/connect@npm:*":
  version: 3.4.38
  resolution: "@types/connect@npm:3.4.38"
  dependencies:
    "@types/node": "npm:*"
  checksum: 10c0/2e1cdba2c410f25649e77856505cd60223250fa12dff7a503e492208dbfdd25f62859918f28aba95315251fd1f5e1ffbfca1e25e73037189ab85dd3f8d0a148c
  languageName: node
  linkType: hard

"@types/content-disposition@npm:*":
  version: 0.5.9
  resolution: "@types/content-disposition@npm:0.5.9"
  checksum: 10c0/9fd520dae1a9c7b85909e59f548f905a670a6e2f83642f9734d1b05126f64ac8c8e2c282a663edf27d58bc34fbbacf46a4d4a95d3802b42106174a19a68175c8
  languageName: node
  linkType: hard

"@types/cookies@npm:*":
  version: 0.9.2
  resolution: "@types/cookies@npm:0.9.2"
  dependencies:
    "@types/connect": "npm:*"
    "@types/express": "npm:*"
    "@types/keygrip": "npm:*"
    "@types/node": "npm:*"
  checksum: 10c0/75f00c83d50998b610d4fe2ddb2544fde7eb6dc683f5e68831a4ecb458b465260b8e2df4e369880a67c5b946558322c4627403781eb076ff72ca16c7ab8c47dd
  languageName: node
  linkType: hard

"@types/express-serve-static-core@npm:^5.0.0":
  version: 5.1.2
  resolution: "@types/express-serve-static-core@npm:5.1.2"
  dependencies:
    "@types/node": "npm:*"
    "@types/qs": "npm:*"
    "@types/range-parser": "npm:*"
    "@types/send": "npm:*"
  checksum: 10c0/0114a6d2e34d195ea3f547e9f599b400ebf445979ffc52f631f6e6ff2f77c8f9780da0cbaec8fd0b0b44739a35c717749e2f33b23743f9a7dea7238c8eadca0f
  languageName: node
  linkType: hard

"@types/express@npm:*":
  version: 5.0.6
  resolution: "@types/express@npm:5.0.6"
  dependencies:
    "@types/body-parser": "npm:*"
    "@types/express-serve-static-core": "npm:^5.0.0"
    "@types/serve-static": "npm:^2"
  checksum: 10c0/f1071e3389a955d4f9a38aae38634121c7cd9b3171ba4201ec9b56bd534aba07866839d278adc0dda05b942b05a901a02fd174201c3b1f70ce22b10b6c68f24b
  languageName: node
  linkType: hard

"@types/http-assert@npm:*":
  version: 1.5.6
  resolution: "@types/http-assert@npm:1.5.6"
  checksum: 10c0/62d536440a5e09f4b7968112f4b235212407937033de800993f95b6f140181b4b2ad6075b73094e7ca0ccf7d9c80d68b93ca53fb1af196cc6d0257f3a4c3d5ba
  languageName: node
  linkType: hard

"@types/http-errors@npm:*, @types/http-errors@npm:^2":
  version: 2.0.5
  resolution: "@types/http-errors@npm:2.0.5"
  checksum: 10c0/00f8140fbc504f47356512bd88e1910c2f07e04233d99c88c854b3600ce0523c8cd0ba7d1897667243282eb44c59abb9245959e2428b9de004f93937f52f7c15
  languageName: node
  linkType: hard

"@types/keygrip@npm:*":
  version: 1.0.6
  resolution: "@types/keygrip@npm:1.0.6"
  checksum: 10c0/1045a79913259f539ac1d04384ea8f61cf29f1d299040eb4b67d92304ec3bcea59b7e4b83cf95a73aa251ff62e55924e380d0c563a21fe8f6e91de20cc610386
  languageName: node
  linkType: hard

"@types/koa-compose@npm:*":
  version: 3.2.9
  resolution: "@types/koa-compose@npm:3.2.9"
  dependencies:
    "@types/koa": "npm:*"
  checksum: 10c0/d89993ffadac74488cdb2ab0fc519ec43eab5e3e7b8baa37cb7fc5043c86d812c24a179efae1324d5e80c2f7b7ddfbc944df7052cab6ff98daf1df4a084ac348
  languageName: node
  linkType: hard

"@types/koa@npm:*, @types/koa@npm:^3":
  version: 3.0.3
  resolution: "@types/koa@npm:3.0.3"
  dependencies:
    "@types/accepts": "npm:*"
    "@types/content-disposition": "npm:*"
    "@types/cookies": "npm:*"
    "@types/http-assert": "npm:*"
    "@types/http-errors": "npm:^2"
    "@types/keygrip": "npm:*"
    "@types/koa-compose": "npm:*"
    "@types/node": "npm:*"
  checksum: 10c0/f5bb89fe7b35611ef0e96888ad15727b0b7e9153145f88100a2c9ef43f70e5fcc4ae496cc975efabb1f945dce8b1b2f33bcd6d752ad34e6a3a2ba7e523ee9596
  languageName: node
  linkType: hard

"@types/node@npm:*, @types/node@npm:^26.1.1":
  version: 26.1.1
  resolution: "@types/node@npm:26.1.1"
  dependencies:
    undici-types: "npm:~8.3.0"
  checksum: 10c0/25ac5093195736dd074d5027adbba85617bc951d5a41506ebd3b9073048acb7233613f3822d5f9b9447f9c0841c91f6387c46283916767e3ef79f23917452c46
  languageName: node
  linkType: hard

"@types/qs@npm:*":
  version: 6.15.1
  resolution: "@types/qs@npm:6.15.1"
  checksum: 10c0/1dfdbcb4cf2a8f66d57f0b9a9fe6b1c7091cb816687b6698c1351eaf31f62e412cea9b7453a9637b570cd5fad8dced527e5a9e69b4fcc6e318daacd8b749f094
  languageName: node
  linkType: hard

"@types/range-parser@npm:*":
  version: 1.2.7
  resolution: "@types/range-parser@npm:1.2.7"
  checksum: 10c0/361bb3e964ec5133fa40644a0b942279ed5df1949f21321d77de79f48b728d39253e5ce0408c9c17e4e0fd95ca7899da36841686393b9f7a1e209916e9381a3c
  languageName: node
  linkType: hard

"@types/send@npm:*":
  version: 1.2.1
  resolution: "@types/send@npm:1.2.1"
  dependencies:
    "@types/node": "npm:*"
  checksum: 10c0/7673747f8c2d8e67f3b1b3b57e9d4d681801a4f7b526ecf09987bb9a84a61cf94aa411c736183884dc762c1c402a61681eb1ef200d8d45d7e5ec0ab67ea5f6c1
  languageName: node
  linkType: hard

"@types/serve-static@npm:^2":
  version: 2.2.0
  resolution: "@types/serve-static@npm:2.2.0"
  dependencies:
    "@types/http-errors": "npm:*"
    "@types/node": "npm:*"
  checksum: 10c0/a3c6126bdbf9685e6c7dc03ad34639666eff32754e912adeed9643bf3dd3aa0ff043002a7f69039306e310d233eb8e160c59308f95b0a619f32366bbc48ee094
  languageName: node
  linkType: hard

"accepts@npm:^1.3.8":
  version: 1.3.8
  resolution: "accepts@npm:1.3.8"
  dependencies:
    mime-types: "npm:~2.1.34"
    negotiator: "npm:0.6.3"
  checksum: 10c0/3a35c5f5586cfb9a21163ca47a5f77ac34fa8ceb5d17d2fa2c0d81f41cbd7f8c6fa52c77e2c039acc0f4d09e71abdc51144246900f6bef5e3c4b333f77d89362
  languageName: node
  linkType: hard

"chownr@npm:^3.0.0":
  version: 3.0.0
  resolution: "chownr@npm:3.0.0"
  checksum: 10c0/43925b87700f7e3893296c8e9c56cc58f926411cce3a6e5898136daaf08f08b9a8eb76d37d3267e707d0dcc17aed2e2ebdf5848c0c3ce95cf910a919935c1b10
  languageName: node
  linkType: hard

"content-disposition@npm:~1.0.1":
  version: 1.0.1
  resolution: "content-disposition@npm:1.0.1"
  checksum: 10c0/bd7ff1fe8d2542d3a2b9a29428cc3591f6ac27bb5595bba2c69664408a68f9538b14cbd92479796ea835b317a09a527c8c7209c4200381dedb0c34d3b658849e
  languageName: node
  linkType: hard

"content-type@npm:^1.0.5":
  version: 1.0.5
  resolution: "content-type@npm:1.0.5"
  checksum: 10c0/b76ebed15c000aee4678c3707e0860cb6abd4e680a598c0a26e17f0bfae723ec9cc2802f0ff1bc6e4d80603719010431d2231018373d4dde10f9ccff9dadf5af
  languageName: node
  linkType: hard

"content-type@npm:^2.0.0":
  version: 2.0.0
  resolution: "content-type@npm:2.0.0"
  checksum: 10c0/491539fff707d7594b0ca4fabcc084bef2a31ffa754ff0a4f80c4377e3963cff0394317f9271c24087596c97fa675bc123d61fa34ffe65b4904e7d3d3098de72
  languageName: node
  linkType: hard

"cookies@npm:~0.9.1":
  version: 0.9.1
  resolution: "cookies@npm:0.9.1"
  dependencies:
    depd: "npm:~2.0.0"
    keygrip: "npm:~1.1.0"
  checksum: 10c0/3ffa1c0e992b62ee119adae4dd2ddd4a89166fa5434cd9bd9ff84ec4d2f14dfe2318a601280abfe32a4f64f884ec9345fb1912e488b002d188d2efa0d3919ba3
  languageName: node
  linkType: hard

"debug@npm:^4.4.3":
  version: 4.4.3
  resolution: "debug@npm:4.4.3"
  dependencies:
    ms: "npm:^2.1.3"
  peerDependenciesMeta:
    supports-color:
      optional: true
  checksum: 10c0/d79136ec6c83ecbefd0f6a5593da6a9c91ec4d7ddc4b54c883d6e71ec9accb5f67a1a5e96d00a328196b5b5c86d365e98d8a3a70856aaf16b4e7b1985e67f5a6
  languageName: node
  linkType: hard

"deep-equal@npm:~1.0.1":
  version: 1.0.1
  resolution: "deep-equal@npm:1.0.1"
  checksum: 10c0/bef838ef9824e124d10335deb9c7540bfc9f2f0eab17ad1bb870d0eee83ee4e7e6f6f892e5eebc2bd82759a76676926ad5246180097e28e57752176ff7dae888
  languageName: node
  linkType: hard

"delegates@npm:^1.0.0":
  version: 1.0.0
  resolution: "delegates@npm:1.0.0"
  checksum: 10c0/ba05874b91148e1db4bf254750c042bf2215febd23a6d3cda2e64896aef79745fbd4b9996488bd3cafb39ce19dbce0fd6e3b6665275638befffe1c9b312b91b5
  languageName: node
  linkType: hard

"depd@npm:~1.1.2":
  version: 1.1.2
  resolution: "depd@npm:1.1.2"
  checksum: 10c0/acb24aaf936ef9a227b6be6d495f0d2eb20108a9a6ad40585c5bda1a897031512fef6484e4fdbb80bd249fdaa82841fa1039f416ece03188e677ba11bcfda249
  languageName: node
  linkType: hard

"depd@npm:~2.0.0":
  version: 2.0.0
  resolution: "depd@npm:2.0.0"
  checksum: 10c0/58bd06ec20e19529b06f7ad07ddab60e504d9e0faca4bd23079fac2d279c3594334d736508dc350e06e510aba5e22e4594483b3a6562ce7c17dd797f4cc4ad2c
  languageName: node
  linkType: hard

"destroy@npm:^1.2.0":
  version: 1.2.0
  resolution: "destroy@npm:1.2.0"
  checksum: 10c0/bd7633942f57418f5a3b80d5cb53898127bcf53e24cdf5d5f4396be471417671f0fee48a4ebe9a1e9defbde2a31280011af58a57e090ff822f589b443ed4e643
  languageName: node
  linkType: hard

"ee-first@npm:1.1.1":
  version: 1.1.1
  resolution: "ee-first@npm:1.1.1"
  checksum: 10c0/b5bb125ee93161bc16bfe6e56c6b04de5ad2aa44234d8f644813cc95d861a6910903132b05093706de2b706599367c4130eb6d170f6b46895686b95f87d017b7
  languageName: node
  linkType: hard

"encodeurl@npm:^2.0.0":
  version: 2.0.0
  resolution: "encodeurl@npm:2.0.0"
  checksum: 10c0/5d317306acb13e6590e28e27924c754163946a2480de11865c991a3a7eed4315cd3fba378b543ca145829569eefe9b899f3d84bb09870f675ae60bc924b01ceb
  languageName: node
  linkType: hard

"escape-html@npm:^1.0.3":
  version: 1.0.3
  resolution: "escape-html@npm:1.0.3"
  checksum: 10c0/524c739d776b36c3d29fa08a22e03e8824e3b2fd57500e5e44ecf3cc4707c34c60f9ca0781c0e33d191f2991161504c295e98f68c78fe7baa6e57081ec6ac0a3
  languageName: node
  linkType: hard

"fresh@npm:~0.5.2":
  version: 0.5.2
  resolution: "fresh@npm:0.5.2"
  checksum: 10c0/c6d27f3ed86cc5b601404822f31c900dd165ba63fff8152a3ef714e2012e7535027063bc67ded4cb5b3a49fa596495d46cacd9f47d6328459cf570f08b7d9e5a
  languageName: node
  linkType: hard

"http-assert@npm:^1.5.0":
  version: 1.5.0
  resolution: "http-assert@npm:1.5.0"
  dependencies:
    deep-equal: "npm:~1.0.1"
    http-errors: "npm:~1.8.0"
  checksum: 10c0/7b4e631114a1a77654f9ba3feb96da305ddbdeb42112fe384b7b3249c7141e460d7177970155bea6e54e655a04850415b744b452c1fe5052eba6f4186d16b095
  languageName: node
  linkType: hard

"http-errors@npm:^2.0.0, http-errors@npm:^2.0.1":
  version: 2.0.1
  resolution: "http-errors@npm:2.0.1"
  dependencies:
    depd: "npm:~2.0.0"
    inherits: "npm:~2.0.4"
    setprototypeof: "npm:~1.2.0"
    statuses: "npm:~2.0.2"
    toidentifier: "npm:~1.0.1"
  checksum: 10c0/fb38906cef4f5c83952d97661fe14dc156cb59fe54812a42cd448fa57b5c5dfcb38a40a916957737bd6b87aab257c0648d63eb5b6a9ca9f548e105b6072712d4
  languageName: node
  linkType: hard

"http-errors@npm:~1.8.0":
  version: 1.8.1
  resolution: "http-errors@npm:1.8.1"
  dependencies:
    depd: "npm:~1.1.2"
    inherits: "npm:2.0.4"
    setprototypeof: "npm:1.2.0"
    statuses: "npm:>= 1.5.0 < 2"
    toidentifier: "npm:1.0.1"
  checksum: 10c0/f01aeecd76260a6fe7f08e192fcbe9b2f39ed20fc717b852669a69930167053b01790998275c6297d44f435cf0e30edd50c05223d1bec9bc484e6cf35b2d6f43
  languageName: node
  linkType: hard

"inherits@npm:2.0.4, inherits@npm:~2.0.4":
  version: 2.0.4
  resolution: "inherits@npm:2.0.4"
  checksum: 10c0/4e531f648b29039fb7426fb94075e6545faa1eb9fe83c29f0b6d9e7263aceb4289d2d4557db0d428188eeb449cc7c5e77b0a0b2c4e248ff2a65933a0dee49ef2
  languageName: node
  linkType: hard

"keygrip@npm:~1.1.0":
  version: 1.1.0
  resolution: "keygrip@npm:1.1.0"
  dependencies:
    tsscmp: "npm:1.0.6"
  checksum: 10c0/2aceec1a1e642a0caf938044056ed67b1909cfe67a93a59b32aae2863e0f35a1a53782ecc8f9cd0e3bdb60863fa0f401ccbd257cd7dfae61915f78445139edea
  languageName: node
  linkType: hard

"koa-compose@npm:^4.1.0":
  version: 4.1.0
  resolution: "koa-compose@npm:4.1.0"
  checksum: 10c0/f1f786f994a691931148e7f38f443865bf2702af4a61610d1eea04dab79c04b1232285b59d82a0cf61c830516dd92f10ab0d009b024fcecd4098e7d296ab771a
  languageName: node
  linkType: hard

"koa@npm:^3.2.1":
  version: 3.2.1
  resolution: "koa@npm:3.2.1"
  dependencies:
    accepts: "npm:^1.3.8"
    content-disposition: "npm:~1.0.1"
    content-type: "npm:^1.0.5"
    cookies: "npm:~0.9.1"
    delegates: "npm:^1.0.0"
    destroy: "npm:^1.2.0"
    encodeurl: "npm:^2.0.0"
    escape-html: "npm:^1.0.3"
    fresh: "npm:~0.5.2"
    http-assert: "npm:^1.5.0"
    http-errors: "npm:^2.0.0"
    koa-compose: "npm:^4.1.0"
    mime-types: "npm:^3.0.1"
    on-finished: "npm:^2.4.1"
    parseurl: "npm:^1.3.3"
    statuses: "npm:^2.0.1"
    type-is: "npm:^2.0.1"
    vary: "npm:^1.1.2"
  checksum: 10c0/84352ef0ec0f54898f119ac589c7d96442ac21f494f3e1abca55d19c0cd51177f43b75440092d74730261d4d91270b5ba0396156e04b21132ab2251f8b4d2cde
  languageName: node
  linkType: hard

"media-typer@npm:^1.1.0":
  version: 1.1.0
  resolution: "media-typer@npm:1.1.0"
  checksum: 10c0/7b4baa40b25964bb90e2121ee489ec38642127e48d0cc2b6baa442688d3fde6262bfdca86d6bbf6ba708784afcac168c06840c71facac70e390f5f759ac121b9
  languageName: node
  linkType: hard

"mime-db@npm:1.52.0":
  version: 1.52.0
  resolution: "mime-db@npm:1.52.0"
  checksum: 10c0/0557a01deebf45ac5f5777fe7740b2a5c309c6d62d40ceab4e23da9f821899ce7a900b7ac8157d4548ddbb7beffe9abc621250e6d182b0397ec7f10c7b91a5aa
  languageName: node
  linkType: hard

"mime-db@npm:^1.54.0":
  version: 1.54.0
  resolution: "mime-db@npm:1.54.0"
  checksum: 10c0/8d907917bc2a90fa2df842cdf5dfeaf509adc15fe0531e07bb2f6ab15992416479015828d6a74200041c492e42cce3ebf78e5ce714388a0a538ea9c53eece284
  languageName: node
  linkType: hard

"mime-types@npm:^3.0.0, mime-types@npm:^3.0.1":
  version: 3.0.2
  resolution: "mime-types@npm:3.0.2"
  dependencies:
    mime-db: "npm:^1.54.0"
  checksum: 10c0/35a0dd1035d14d185664f346efcdb72e93ef7a9b6e9ae808bd1f6358227010267fab52657b37562c80fc888ff76becb2b2938deb5e730818b7983bf8bd359767
  languageName: node
  linkType: hard

"mime-types@npm:~2.1.34":
  version: 2.1.35
  resolution: "mime-types@npm:2.1.35"
  dependencies:
    mime-db: "npm:1.52.0"
  checksum: 10c0/82fb07ec56d8ff1fc999a84f2f217aa46cb6ed1033fefaabd5785b9a974ed225c90dc72fff460259e66b95b73648596dbcc50d51ed69cdf464af2d237d3149b2
  languageName: node
  linkType: hard

"minipass@npm:^7.0.4, minipass@npm:^7.1.2":
  version: 7.1.3
  resolution: "minipass@npm:7.1.3"
  checksum: 10c0/539da88daca16533211ea5a9ee98dc62ff5742f531f54640dd34429e621955e91cc280a91a776026264b7f9f6735947629f920944e9c1558369e8bf22eb33fbb
  languageName: node
  linkType: hard

"minizlib@npm:^3.1.0":
  version: 3.1.0
  resolution: "minizlib@npm:3.1.0"
  dependencies:
    minipass: "npm:^7.1.2"
  checksum: 10c0/5aad75ab0090b8266069c9aabe582c021ae53eb33c6c691054a13a45db3b4f91a7fb1bd79151e6b4e9e9a86727b522527c0a06ec7d45206b745d54cd3097bcec
  languageName: node
  linkType: hard

"ms@npm:^2.1.3":
  version: 2.1.3
  resolution: "ms@npm:2.1.3"
  checksum: 10c0/d924b57e7312b3b63ad21fc5b3dc0af5e78d61a1fc7cfb5457edaf26326bf62be5307cc87ffb6862ef1c2b33b0233cdb5d4f01c4c958cc0d660948b65a287a48
  languageName: node
  linkType: hard

"negotiator@npm:0.6.3":
  version: 0.6.3
  resolution: "negotiator@npm:0.6.3"
  checksum: 10c0/3ec9fd413e7bf071c937ae60d572bc67155262068ed522cf4b3be5edbe6ddf67d095ec03a3a14ebf8fc8e95f8e1d61be4869db0dbb0de696f6b837358bd43fc2
  languageName: node
  linkType: hard

"on-finished@npm:^2.4.1":
  version: 2.4.1
  resolution: "on-finished@npm:2.4.1"
  dependencies:
    ee-first: "npm:1.1.1"
  checksum: 10c0/46fb11b9063782f2d9968863d9cbba33d77aa13c17f895f56129c274318b86500b22af3a160fe9995aa41317efcd22941b6eba747f718ced08d9a73afdb087b4
  languageName: node
  linkType: hard

"parseurl@npm:^1.3.3":
  version: 1.3.3
  resolution: "parseurl@npm:1.3.3"
  checksum: 10c0/90dd4760d6f6174adb9f20cf0965ae12e23879b5f5464f38e92fce8073354341e4b3b76fa3d878351efe7d01e617121955284cfd002ab087fba1a0726ec0b4f5
  languageName: node
  linkType: hard

"path-to-regexp@npm:^8.4.2":
  version: 8.4.2
  resolution: "path-to-regexp@npm:8.4.2"
  checksum: 10c0/05b115c49b47ad252ce05faa32930f643f23769c68b8bcfe78ad833545140c48bbffb3266986d6c8d5db13a64cf12e07e0d72d9882cab830efeefa553533ebaf
  languageName: node
  linkType: hard

"prettier-plugin-sh@npm:^0.18.0":
  version: 0.18.1
  resolution: "prettier-plugin-sh@npm:0.18.1"
  dependencies:
    "@reteps/dockerfmt": "npm:^0.5.1"
    sh-syntax: "npm:^0.5.8"
  peerDependencies:
    prettier: ^3.6.0
  checksum: 10c0/e79a8dab1b9cd966bf078b1ca4ec412d190fb905ca6bfb89f841d309ed39ecb7136901b64919e3d8e52e9233d658b64bc69203ff81384914ec90dedbcbe804da
  languageName: node
  linkType: hard

"prettier@npm:^3.6.2":
  version: 3.9.6
  resolution: "prettier@npm:3.9.6"
  bin:
    prettier: bin/prettier.cjs
  checksum: 10c0/9f7ddae234035868f3daab3dc34e6de7e54622185afb017378029f0c09a9c023248ccf6f34def0b17a0538e18c47aa1b3188bab72965d1bf735919baa0747e99
  languageName: node
  linkType: hard

"root-workspace-0b6124@workspace:.":
  version: 0.0.0-use.local
  resolution: "root-workspace-0b6124@workspace:."
  dependencies:
    "@koa/router": "npm:^15.7.0"
    "@types/koa": "npm:^3"
    "@types/node": "npm:^26.1.1"
    koa: "npm:^3.2.1"
    prettier: "npm:^3.6.2"
    prettier-plugin-sh: "npm:^0.18.0"
    tar: "npm:^7.5.21"
    typescript: "npm:^5.9.2"
  languageName: unknown
  linkType: soft

"setprototypeof@npm:1.2.0, setprototypeof@npm:~1.2.0":
  version: 1.2.0
  resolution: "setprototypeof@npm:1.2.0"
  checksum: 10c0/68733173026766fa0d9ecaeb07f0483f4c2dc70ca376b3b7c40b7cda909f94b0918f6c5ad5ce27a9160bdfb475efaa9d5e705a11d8eaae18f9835d20976028bc
  languageName: node
  linkType: hard

"sh-syntax@npm:^0.5.8":
  version: 0.5.8
  resolution: "sh-syntax@npm:0.5.8"
  dependencies:
    tslib: "npm:^2.8.1"
  checksum: 10c0/2d2609fc8760ef97175c852be26ee3eeb196078c5aec282c8b96a59ee362be4f470d3e0df4e372da6c7a7b44ccc42910cbdcb0915271b3cb6a6212d00dde116f
  languageName: node
  linkType: hard

"statuses@npm:>= 1.5.0 < 2":
  version: 1.5.0
  resolution: "statuses@npm:1.5.0"
  checksum: 10c0/e433900956357b3efd79b1c547da4d291799ac836960c016d10a98f6a810b1b5c0dcc13b5a7aa609a58239b5190e1ea176ad9221c2157d2fd1c747393e6b2940
  languageName: node
  linkType: hard

"statuses@npm:^2.0.1, statuses@npm:~2.0.2":
  version: 2.0.2
  resolution: "statuses@npm:2.0.2"
  checksum: 10c0/a9947d98ad60d01f6b26727570f3bcceb6c8fa789da64fe6889908fe2e294d57503b14bf2b5af7605c2d36647259e856635cd4c49eab41667658ec9d0080ec3f
  languageName: node
  linkType: hard

"tar@npm:^7.5.21":
  version: 7.5.21
  resolution: "tar@npm:7.5.21"
  dependencies:
    "@isaacs/fs-minipass": "npm:^4.0.0"
    chownr: "npm:^3.0.0"
    minipass: "npm:^7.1.2"
    minizlib: "npm:^3.1.0"
    yallist: "npm:^5.0.0"
  checksum: 10c0/bce0e51692356078e6f6a909d5c93f5b4c099c097ffea19b1b1bf10385539a429baba26bca59aabbace68c4519d16f2f1c07afe7eaab55876a449a032480fabc
  languageName: node
  linkType: hard

"toidentifier@npm:1.0.1, toidentifier@npm:~1.0.1":
  version: 1.0.1
  resolution: "toidentifier@npm:1.0.1"
  checksum: 10c0/93937279934bd66cc3270016dd8d0afec14fb7c94a05c72dc57321f8bd1fa97e5bea6d1f7c89e728d077ca31ea125b78320a616a6c6cd0e6b9cb94cb864381c1
  languageName: node
  linkType: hard

"tslib@npm:^2.8.1":
  version: 2.8.1
  resolution: "tslib@npm:2.8.1"
  checksum: 10c0/9c4759110a19c53f992d9aae23aac5ced636e99887b51b9e61def52611732872ff7668757d4e4c61f19691e36f4da981cd9485e869b4a7408d689f6bf1f14e62
  languageName: node
  linkType: hard

"tsscmp@npm:1.0.6":
  version: 1.0.6
  resolution: "tsscmp@npm:1.0.6"
  checksum: 10c0/2f79a9455e7e3e8071995f98cdf3487ccfc91b760bec21a9abb4d90519557eafaa37246e87c92fa8bf3fef8fd30cfd0cc3c4212bb929baa9fb62494bfa4d24b2
  languageName: node
  linkType: hard

"type-is@npm:^2.0.1":
  version: 2.1.0
  resolution: "type-is@npm:2.1.0"
  dependencies:
    content-type: "npm:^2.0.0"
    media-typer: "npm:^1.1.0"
    mime-types: "npm:^3.0.0"
  checksum: 10c0/a6018f8f509de48f2c7429305e3a920e73b374fa93127dd0877ae1c2df65a5d33907caac8afb0c37a9b9fc7c49f29e3f55d668963dc845d966930b667c07f50e
  languageName: node
  linkType: hard

"typescript@npm:^5.9.2":
  version: 5.9.3
  resolution: "typescript@npm:5.9.3"
  bin:
    tsc: bin/tsc
    tsserver: bin/tsserver
  checksum: 10c0/6bd7552ce39f97e711db5aa048f6f9995b53f1c52f7d8667c1abdc1700c68a76a308f579cd309ce6b53646deb4e9a1be7c813a93baaf0a28ccd536a30270e1c5
  languageName: node
  linkType: hard

"typescript@patch:typescript@npm%3A^5.9.2#optional!builtin<compat/typescript>":
  version: 5.9.3
  resolution: "typescript@patch:typescript@npm%3A5.9.3#optional!builtin<compat/typescript>::version=5.9.3&hash=5786d5"
  bin:
    tsc: bin/tsc
    tsserver: bin/tsserver
  checksum: 10c0/ad09fdf7a756814dce65bc60c1657b40d44451346858eea230e10f2e95a289d9183b6e32e5c11e95acc0ccc214b4f36289dcad4bf1886b0adb84d711d336a430
  languageName: node
  linkType: hard

"undici-types@npm:~8.3.0":
  version: 8.3.0
  resolution: "undici-types@npm:8.3.0"
  checksum: 10c0/c8aa7e2fbebfce519654dafadc0ece59be888d2ccaf180fb4495da875e7b536d2456345c384069c7e6f3e9c9ab7435f074957da306f142343eee86ff8048855a
  languageName: node
  linkType: hard

"vary@npm:^1.1.2":
  version: 1.1.2
  resolution: "vary@npm:1.1.2"
  checksum: 10c0/f15d588d79f3675135ba783c91a4083dcd290a2a5be9fcb6514220a1634e23df116847b1cc51f66bfb0644cf9353b2abb7815ae499bab06e46dd33c1a6bf1f4f
  languageName: node
  linkType: hard

"yallist@npm:^5.0.0":
  version: 5.0.0
  resolution: "yallist@npm:5.0.0"
  checksum: 10c0/a499c81ce6d4a1d260d4ea0f6d49ab4da09681e32c3f0472dee16667ed69d01dae63a3b81745a24bd78476ec4fcf856114cb4896ace738e01da34b2c42235416
  languageName: node
  linkType: hard
